
Microsoft Visual Studio Solution File, Format Version 12.00
# Visual Studio Version 16
VisualStudioVersion = 16.0.30413.136
MinimumVisualStudioVersion = 10.0.40219.1
Project("{FAE04EC0-301F-11D3-BF4B-00C04F79EFBC}") = "jQueryAjaxInASPNETCore", "jQueryAjaxInASPNETCore.csproj", "{DC7A2A85-9E79-4043-B305-656CF602A2E4}"
EndProject
Global
	GlobalSection(SolutionConfigurationPlatforms) = preSolution
		Debug|Any CPU = Debug|Any CPU
		Release|Any CPU = Release|Any CPU
	EndGlobalSection
	GlobalSection(ProjectConfigurationPlatforms) = postSolution
		{DC7A2A85-9E79-4043-B305-656CF602A2E4}.Debug|Any CPU.ActiveCfg = Debug|Any CPU
		{DC7A2A85-9E79-4043-B305-656CF602A2E4}.Debug|Any CPU.Build.0 = Debug|Any CPU
		{DC7A2A85-9E79-4043-B305-656CF602A2E4}.Release|Any CPU.ActiveCfg = Release|Any CPU
		{DC7A2A85-9E79-4043-B305-656CF602A2E4}.Release|Any CPU.Build.0 = Release|Any CPU
	EndGlobalSection
	GlobalSection(SolutionProperties) = preSolution
		HideSolutionNode = FALSE
	EndGlobalSection
	GlobalSection(ExtensibilityGlobals) = postSolution
		SolutionGuid = {5A061C4E-8C2A-4C34-A0C4-F29EA812822E}
	EndGlobalSection
EndGlobal
